// !$*UTF8*$!
{
	archiveVersion = 1;
	classes = {
	};
	objectVersion = 56;
	objects = {

/* Begin PBXBuildFile section */
		FFFF65852C417738005DEF55 /* RoomsToGoApp.swift in Sources */ = {isa = PBXBuildFile; fileRef = FFFF65842C417738005DEF55 /* RoomsToGoApp.swift */; };
		FFFF65872C417738005DEF55 /* ContentView.swift in Sources */ = {isa = PBXBuildFile; fileRef = FFFF65862C417738005DEF55 /* ContentView.swift */; };
		FFFF65892C41773A005DEF55 /* Assets.xcassets in Resources */ = {isa = PBXBuildFile; fileRef = FFFF65882C41773A005DEF55 /* Assets.xcassets */; };
		FFFF658C2C41773A005DEF55 /* Preview Assets.xcassets in Resources */ = {isa = PBXBuildFile; fileRef = FFFF658B2C41773A005DEF55 /* Preview Assets.xcassets */; };
		FFFF65962C41773A005DEF55 /* RoomsToGoTests.swift in Sources */ = {isa = PBXBuildFile; fileRef = FFFF65952C41773A005DEF55 /* RoomsToGoTests.swift */; };
		FFFF65A02C41773A005DEF55 /* RoomsToGoUITests.swift in Sources */ = {isa = PBXBuildFile; fileRef = FFFF659F2C41773A005DEF55 /* RoomsToGoUITests.swift */; };
		FFFF65A22C41773A005DEF55 /* RoomsToGoUITestsLaunchTests.swift in Sources */ = {isa = PBXBuildFile; fileRef = FFFF65A12C41773A005DEF55 /* RoomsToGoUITestsLaunchTests.swift */; };
/* End PBXBuildFile section */

/* Begin PBXContainerItemProxy section */
		FFFF65922C41773A005DEF55 /* PBXContainerItemProxy */ = {
			isa = PBXContainerItemProxy;
			containerPortal = FFFF65792C417738005DEF55 /* Project object */;
			proxyType = 1;
			remoteGlobalIDString = FFFF65802C417738005DEF55;
			remoteInfo = RoomsToGo;
		};
		FFFF659C2C41773A005DEF55 /* PBXContainerItemProxy */ = {
			isa = PBXContainerItemProxy;
			containerPortal = FFFF65792C417738005DEF55 /* Project object */;
			proxyType = 1;
			remoteGlobalIDString = FFFF65802C417738005DEF55;
			remoteInfo = RoomsToGo;
		};
/* End PBXContainerItemProxy section */

/* Begin PBXFileReference section */
		FFFF65812C417738005DEF55 /* RoomsToGo.app */ = {isa = PBXFileReference; explicitFileType = wrapper.application; includeInIndex = 0; path = RoomsToGo.app; sourceTree = BUILT_PRODUCTS_DIR; };
		FFFF65842C417738005DEF55 /* RoomsToGoApp.swift */ = {isa = PBXFileReference; lastKnownFileType = sourcecode.swift; path = RoomsToGoApp.swift; sourceTree = "<group>"; };
		FFFF65862C417738005DEF55 /* ContentView.swift */ = {isa = PBXFileReference; lastKnownFileType = sourcecode.swift; path = ContentView.swift; sourceTree = "<group>"; };
		FFFF65882C41773A005DEF55 /* Assets.xcassets */ = {isa = PBXFileReference; lastKnownFileType = folder.assetcatalog; path = Assets.xcassets; sourceTree = "<group>"; };
		FFFF658B2C41773A005DEF55 /* Preview Assets.xcassets */ = {isa = PBXFileReference; lastKnownFileType = folder.assetcatalog; path = "Preview Assets.xcassets"; sourceTree = "<group>"; };
		FFFF65912C41773A005DEF55 /* RoomsToGoTests.xctest */ = {isa = PBXFileReference; explicitFileType = wrapper.cfbundle; includeInIndex = 0; path = RoomsToGoTests.xctest; sourceTree = BUILT_PRODUCTS_DIR; };
		FFFF65952C41773A005DEF55 /* RoomsToGoTests.swift */ = {isa = PBXFileReference; lastKnownFileType = sourcecode.swift; path = RoomsToGoTests.swift; sourceTree = "<group>"; };
		FFFF659B2C41773A005DEF55 /* RoomsToGoUITests.xctest */ = {isa = PBXFileReference; explicitFileType = wrapper.cfbundle; includeInIndex = 0; path = RoomsToGoUITests.xctest; sourceTree = BUILT_PRODUCTS_DIR; };
		FFFF659F2C41773A005DEF55 /* RoomsToGoUITests.swift */ = {isa = PBXFileReference; lastKnownFileType = sourcecode.swift; path = RoomsToGoUITests.swift; sourceTree = "<group>"; };
		FFFF65A12C41773A005DEF55 /* RoomsToGoUITestsLaunchTests.swift */ = {isa = PBXFileReference; lastKnownFileType = sourcecode.swift; path = RoomsToGoUITestsLaunchTests.swift; sourceTree = "<group>"; };
/* End PBXFileReference section */

/* Begin PBXFrameworksBuildPhase section */
		FFFF657E2C417738005DEF55 /* Frameworks */ = {
			isa = PBXFrameworksBuildPhase;
			buildActionMask = 2147483647;
			files = (
			);
			runOnlyForDeploymentPostprocessing = 0;
		};
		FFFF658E2C41773A005DEF55 /* Frameworks */ = {
			isa = PBXFrameworksBuildPhase;
			buildActionMask = 2147483647;
			files = (
			);
			runOnlyForDeploymentPostprocessing = 0;
		};
		FFFF65982C41773A005DEF55 /* Frameworks */ = {
			isa = PBXFrameworksBuildPhase;
			buildActionMask = 2147483647;
			files = (
			);
			runOnlyForDeploymentPostprocessing = 0;
		};
/* End PBXFrameworksBuildPhase section */

/* Begin PBXGroup section */
		FFFF65782C417738005DEF55 = {
			isa = PBXGroup;
			children = (
				FFFF65832C417738005DEF55 /* RoomsToGo */,
				FFFF65942C41773A005DEF55 /* RoomsToGoTests */,
				FFFF659E2C41773A005DEF55 /* RoomsToGoUITests */,
				FFFF65822C417738005DEF55 /* Products */,
			);
			sourceTree = "<group>";
		};
		FFFF65822C417738005DEF55 /* Products */ = {
			isa = PBXGroup;
			children = (
				FFFF65812C417738005DEF55 /* RoomsToGo.app */,
				FFFF65912C41773A005DEF55 /* RoomsToGoTests.xctest */,
				FFFF659B2C41773A005DEF55 /* RoomsToGoUITests.xctest */,
			);
			name = Products;
			sourceTree = "<group>";
		};
		FFFF65832C417738005DEF55 /* RoomsToGo */ = {
			isa = PBXGroup;
			children = (
				FFFF65842C417738005DEF55 /* RoomsToGoApp.swift */,
				FFFF65862C417738005DEF55 /* ContentView.swift */,
				FFFF65882C41773A005DEF55 /* Assets.xcassets */,
				FFFF658A2C41773A005DEF55 /* Preview Content */,
			);
			path = RoomsToGo;
			sourceTree = "<group>";
		};
		FFFF658A2C41773A005DEF55 /* Preview Content */ = {
			isa = PBXGroup;
			children = (
				FFFF658B2C41773A005DEF55 /* Preview Assets.xcassets */,
			);
			path = "Preview Content";
			sourceTree = "<group>";
		};
		FFFF65942C41773A005DEF55 /* RoomsToGoTests */ = {
			isa = PBXGroup;
			children = (
				FFFF65952C41773A005DEF55 /* RoomsToGoTests.swift */,
			);
			path = RoomsToGoTests;
			sourceTree = "<group>";
		};
		FFFF659E2C41773A005DEF55 /* RoomsToGoUITests */ = {
			isa = PBXGroup;
			children = (
				FFFF659F2C41773A005DEF55 /* RoomsToGoUITests.swift */,
				FFFF65A12C41773A005DEF55 /* RoomsToGoUITestsLaunchTests.swift */,
			);
			path = RoomsToGoUITests;
			sourceTree = "<group>";
		};
/* End PBXGroup section */

/* Begin PBXNativeTarget section */
		FFFF65802C417738005DEF55 /* RoomsToGo */ = {
			isa = PBXNativeTarget;
			buildConfigurationList = FFFF65A52C41773A005DEF55 /* Build configuration list for PBXNativeTarget "RoomsToGo" */;
			buildPhases = (
				FFFF657D2C417738005DEF55 /* Sources */,
				FFFF657E2C417738005DEF55 /* Frameworks */,
				FFFF657F2C417738005DEF55 /* Resources */,
			);
			buildRules = (
			);
			dependencies = (
			);
			name = RoomsToGo;
			productName = RoomsToGo;
			productReference = FFFF65812C417738005DEF55 /* RoomsToGo.app */;
			productType = "com.apple.product-type.application";
		};
		FFFF65902C41773A005DEF55 /* RoomsToGoTests */ = {
			isa = PBXNativeTarget;
			buildConfigurationList = FFFF65A82C41773A005DEF55 /* Build configuration list for PBXNativeTarget "RoomsToGoTests" */;
			buildPhases = (
				FFFF658D2C41773A005DEF55 /* Sources */,
				FFFF658E2C41773A005DEF55 /* Frameworks */,
				FFFF658F2C41773A005DEF55 /* Resources */,
			);
			buildRules = (
			);
			dependencies = (
				FFFF65932C41773A005DEF55 /* PBXTargetDependency */,
			);
			name = RoomsToGoTests;
			productName = RoomsToGoTests;
			productReference = FFFF65912C41773A005DEF55 /* RoomsToGoTests.xctest */;
			productType = "com.apple.product-type.bundle.unit-test";
		};
		FFFF659A2C41773A005DEF55 /* RoomsToGoUITests */ = {
			isa = PBXNativeTarget;
			buildConfigurationList = FFFF65AB2C41773A005DEF55 /* Build configuration list for PBXNativeTarget "RoomsToGoUITests" */;
			buildPhases = (
				FFFF65972C41773A005DEF55 /* Sources */,
				FFFF65982C41773A005DEF55 /* Frameworks */,
				FFFF65992C41773A005DEF55 /* Resources */,
			);
			buildRules = (
			);
			dependencies = (
				FFFF659D2C41773A005DEF55 /* PBXTargetDependency */,
			);
			name = RoomsToGoUITests;
			productName = RoomsToGoUITests;
			productReference = FFFF659B2C41773A005DEF55 /* RoomsToGoUITests.xctest */;
			productType = "com.apple.product-type.bundle.ui-testing";
		};
/* End PBXNativeTarget section */

/* Begin PBXProject section */
		FFFF65792C417738005DEF55 /* Project object */ = {
			isa = PBXProject;
			attributes = {
				BuildIndependentTargetsInParallel = 1;
				LastSwiftUpdateCheck = 1520;
				LastUpgradeCheck = 1520;
				TargetAttributes = {
					FFFF65802C417738005DEF55 = {
						CreatedOnToolsVersion = 15.2;
					};
					FFFF65902C41773A005DEF55 = {
						CreatedOnToolsVersion = 15.2;
						TestTargetID = FFFF65802C417738005DEF55;
					};
					FFFF659A2C41773A005DEF55 = {
						CreatedOnToolsVersion = 15.2;
						TestTargetID = FFFF65802C417738005DEF55;
					};
				};
			};
			buildConfigurationList = FFFF657C2C417738005DEF55 /* Build configuration list for PBXProject "RoomsToGo" */;
			compatibilityVersion = "Xcode 14.0";
			developmentRegion = en;
			hasScannedForEncodings = 0;
			knownRegions = (
				en,
				Base,
			);
			mainGroup = FFFF65782C417738005DEF55;
			productRefGroup = FFFF65822C417738005DEF55 /* Products */;
			projectDirPath = "";
			projectRoot = "";
			targets = (
				FFFF65802C417738005DEF55 /* RoomsToGo */,
				FFFF65902C41773A005DEF55 /* RoomsToGoTests */,
				FFFF659A2C41773A005DEF55 /* RoomsToGoUITests */,
			);
		};
/* End PBXProject section */

/* Begin PBXResourcesBuildPhase section */
		FFFF657F2C417738005DEF55 /* Resources */ = {
			isa = PBXResourcesBuildPhase;
			buildActionMask = 2147483647;
			files = (
				FFFF658C2C41773A005DEF55 /* Preview Assets.xcassets in Resources */,
				FFFF65892C41773A005DEF55 /* Assets.xcassets in Resources */,
			);
			runOnlyForDeploymentPostprocessing = 0;
		};
		FFFF658F2C41773A005DEF55 /* Resources */ = {
			isa = PBXResourcesBuildPhase;
			buildActionMask = 2147483647;
			files = (
			);
			runOnlyForDeploymentPostprocessing = 0;
		};
		FFFF65992C41773A005DEF55 /* Resources */ = {
			isa = PBXResourcesBuildPhase;
			buildActionMask = 2147483647;
			files = (
			);
			runOnlyForDeploymentPostprocessing = 0;
		};
/* End PBXResourcesBuildPhase section */

/* Begin PBXSourcesBuildPhase section */
		FFFF657D2C417738005DEF55 /* Sources */ = {
			isa = PBXSourcesBuildPhase;
			buildActionMask = 2147483647;
			files = (
				FFFF65872C417738005DEF55 /* ContentView.swift in Sources */,
				FFFF65852C417738005DEF55 /* RoomsToGoApp.swift in Sources */,
			);
			runOnlyForDeploymentPostprocessing = 0;
		};
		FFFF658D2C41773A005DEF55 /* Sources */ = {
			isa = PBXSourcesBuildPhase;
			buildActionMask = 2147483647;
			files = (
				FFFF65962C41773A005DEF55 /* RoomsToGoTests.swift in Sources */,
			);
			runOnlyForDeploymentPostprocessing = 0;
		};
		FFFF65972C41773A005DEF55 /* Sources */ = {
			isa = PBXSourcesBuildPhase;
			buildActionMask = 2147483647;
			files = (
				FFFF65A22C41773A005DEF55 /* RoomsToGoUITestsLaunchTests.swift in Sources */,
				FFFF65A02C41773A005DEF55 /* RoomsToGoUITests.swift in Sources */,
			);
			runOnlyForDeploymentPostprocessing = 0;
		};
/* End PBXSourcesBuildPhase section */

/* Begin PBXTargetDependency section */
		FFFF65932C41773A005DEF55 /* PBXTargetDependency */ = {
			isa = PBXTargetDependency;
			target = FFFF65802C417738005DEF55 /* RoomsToGo */;
			targetProxy = FFFF65922C41773A005DEF55 /* PBXContainerItemProxy */;
		};
		FFFF659D2C41773A005DEF55 /* PBXTargetDependency */ = {
			isa = PBXTargetDependency;
			target = FFFF65802C417738005DEF55 /* RoomsToGo */;
			targetProxy = FFFF659C2C41773A005DEF55 /* PBXContainerItemProxy */;
		};
/* End PBXTargetDependency section */

/* Begin XCBuildConfiguration section */
		FFFF65A32C41773A005DEF55 /* Debug */ = {
			isa = XCBuildConfiguration;
			buildSettings = {
				ALWAYS_SEARCH_USER_PATHS = NO;
				ASSETCATALOG_COMPILER_GENERATE_SWIFT_ASSET_SYMBOL_EXTENSIONS = YES;
				CLANG_ANALYZER_NONNULL = YES;
				CLANG_ANALYZER_NUMBER_OBJECT_CONVERSION = YES_AGGRESSIVE;
				CLANG_CXX_LANGUAGE_STANDARD = "gnu++20";
				CLANG_ENABLE_MODULES = YES;
				CLANG_ENABLE_OBJC_ARC = YES;
				CLANG_ENABLE_OBJC_WEAK = YES;
				CLANG_WARN_BLOCK_CAPTURE_AUTORELEASING = YES;
				CLANG_WARN_BOOL_CONVERSION = YES;
				CLANG_WARN_COMMA = YES;
				CLANG_WARN_CONSTANT_CONVERSION = YES;
				CLANG_WARN_DEPRECATED_OBJC_IMPLEMENTATIONS = YES;
				CLANG_WARN_DIRECT_OBJC_ISA_USAGE = YES_ERROR;
				CLANG_WARN_DOCUMENTATION_COMMENTS = YES;
				CLANG_WARN_EMPTY_BODY = YES;
				CLANG_WARN_ENUM_CONVERSION = YES;
				CLANG_WARN_INFINITE_RECURSION = YES;
				CLANG_WARN_INT_CONVERSION = YES;
				CLANG_WARN_NON_LITERAL_NULL_CONVERSION = YES;
				CLANG_WARN_OBJC_IMPLICIT_RETAIN_SELF = YES;
				CLANG_WARN_OBJC_LITERAL_CONVERSION = YES;
				CLANG_WARN_OBJC_ROOT_CLASS = YES_ERROR;
				CLANG_WARN_QUOTED_INCLUDE_IN_FRAMEWORK_HEADER = YES;
				CLANG_WARN_RANGE_LOOP_ANALYSIS = YES;
				CLANG_WARN_STRICT_PROTOTYPES = YES;
				CLANG_WARN_SUSPICIOUS_MOVE = YES;
				CLANG_WARN_UNGUARDED_AVAILABILITY = YES_AGGRESSIVE;
				CLANG_WARN_UNREACHABLE_CODE = YES;
				CLANG_WARN__DUPLICATE_METHOD_MATCH = YES;
				COPY_PHASE_STRIP = NO;
				DEBUG_INFORMATION_FORMAT = dwarf;
				ENABLE_STRICT_OBJC_MSGSEND = YES;
				ENABLE_TESTABILITY = YES;
				ENABLE_USER_SCRIPT_SANDBOXING = YES;
				GCC_C_LANGUAGE_STANDARD = gnu17;
				GCC_DYNAMIC_NO_PIC = NO;
				GCC_NO_COMMON_BLOCKS = YES;
				GCC_OPTIMIZATION_LEVEL = 0;
				GCC_PREPROCESSOR_DEFINITIONS = (
					"DEBUG=1",
					"$(inherited)",
				);
				GCC_WARN_64_TO_32_BIT_CONVERSION = YES;
				GCC_WARN_ABOUT_RETURN_TYPE = YES_ERROR;
				GCC_WARN_UNDECLARED_SELECTOR = YES;
				GCC_WARN_UNINITIALIZED_AUTOS = YES_AGGRESSIVE;
				GCC_WARN_UNUSED_FUNCTION = YES;
				GCC_WARN_UNUSED_VARIABLE = YES;
				IPHONEOS_DEPLOYMENT_TARGET = 17.2;
				LOCALIZATION_PREFERS_STRING_CATALOGS = YES;
				MTL_ENABLE_DEBUG_INFO = INCLUDE_SOURCE;
				MTL_FAST_MATH = YES;
				ONLY_ACTIVE_ARCH = YES;
				SDKROOT = iphoneos;
				SWIFT_ACTIVE_COMPILATION_CONDITIONS = "DEBUG $(inherited)";
				SWIFT_OPTIMIZATION_LEVEL = "-Onone";
			};
			name = Debug;
		};
		FFFF65A42C41773A005DEF55 /* Release */ = {
			isa = XCBuildConfiguration;
			buildSettings = {
				ALWAYS_SEARCH_USER_PATHS = NO;
				ASSETCATALOG_COMPILER_GENERATE_SWIFT_ASSET_SYMBOL_EXTENSIONS = YES;
				CLANG_ANALYZER_NONNULL = YES;
				CLANG_ANALYZER_NUMBER_OBJECT_CONVERSION = YES_AGGRESSIVE;
				CLANG_CXX_LANGUAGE_STANDARD = "gnu++20";
				CLANG_ENABLE_MODULES = YES;
				CLANG_ENABLE_OBJC_ARC = YES;
				CLANG_ENABLE_OBJC_WEAK = YES;
				CLANG_WARN_BLOCK_CAPTURE_AUTORELEASING = YES;
				CLANG_WARN_BOOL_CONVERSION = YES;
				CLANG_WARN_COMMA = YES;
				CLANG_WARN_CONSTANT_CONVERSION = YES;
				CLANG_WARN_DEPRECATED_OBJC_IMPLEMENTATIONS = YES;
				CLANG_WARN_DIRECT_OBJC_ISA_USAGE = YES_ERROR;
				CLANG_WARN_DOCUMENTATION_COMMENTS = YES;
				CLANG_WARN_EMPTY_BODY = YES;
				CLANG_WARN_ENUM_CONVERSION = YES;
				CLANG_WARN_INFINITE_RECURSION = YES;
				CLANG_WARN_INT_CONVERSION = YES;
				CLANG_WARN_NON_LITERAL_NULL_CONVERSION = YES;
				CLANG_WARN_OBJC_IMPLICIT_RETAIN_SELF = YES;
				CLANG_WARN_OBJC_LITERAL_CONVERSION = YES;
				CLANG_WARN_OBJC_ROOT_CLASS = YES_ERROR;
				CLANG_WARN_QUOTED_INCLUDE_IN_FRAMEWORK_HEADER = YES;
				CLANG_WARN_RANGE_LOOP_ANALYSIS = YES;
				CLANG_WARN_STRICT_PROTOTYPES = YES;
				CLANG_WARN_SUSPICIOUS_MOVE = YES;
				CLANG_WARN_UNGUARDED_AVAILABILITY = YES_AGGRESSIVE;
				CLANG_WARN_UNREACHABLE_CODE = YES;
				CLANG_WARN__DUPLICATE_METHOD_MATCH = YES;
				COPY_PHASE_STRIP = NO;
				DEBUG_INFORMATION_FORMAT = "dwarf-with-dsym";
				ENABLE_NS_ASSERTIONS = NO;
				ENABLE_STRICT_OBJC_MSGSEND = YES;
				ENABLE_USER_SCRIPT_SANDBOXING = YES;
				GCC_C_LANGUAGE_STANDARD = gnu17;
				GCC_NO_COMMON_BLOCKS = YES;
				GCC_WARN_64_TO_32_BIT_CONVERSION = YES;
				GCC_WARN_ABOUT_RETURN_TYPE = YES_ERROR;
				GCC_WARN_UNDECLARED_SELECTOR = YES;
				GCC_WARN_UNINITIALIZED_AUTOS = YES_AGGRESSIVE;
				GCC_WARN_UNUSED_FUNCTION = YES;
				GCC_WARN_UNUSED_VARIABLE = YES;
				IPHONEOS_DEPLOYMENT_TARGET = 17.2;
				LOCALIZATION_PREFERS_STRING_CATALOGS = YES;
				MTL_ENABLE_DEBUG_INFO = NO;
				MTL_FAST_MATH = YES;
				SDKROOT = iphoneos;
				SWIFT_COMPILATION_MODE = wholemodule;
				VALIDATE_PRODUCT = YES;
			};
			name = Release;
		};
		FFFF65A62C41773A005DEF55 /* Debug */ = {
			isa = XCBuildConfiguration;
			buildSettings = {
				ASSETCATALOG_COMPILER_APPICON_NAME = AppIcon;
				ASSETCATALOG_COMPILER_GLOBAL_ACCENT_COLOR_NAME = AccentColor;
				CODE_SIGN_STYLE = Automatic;
				CURRENT_PROJECT_VERSION = 1;
				DEVELOPMENT_ASSET_PATHS = "\"RoomsToGo/Preview Content\"";
				DEVELOPMENT_TEAM = 8NHWSCYNF7;
				ENABLE_PREVIEWS = YES;
				GENERATE_INFOPLIST_FILE = YES;
				INFOPLIST_KEY_UIApplicationSceneManifest_Generation = YES;
				INFOPLIST_KEY_UIApplicationSupportsIndirectInputEvents = YES;
				INFOPLIST_KEY_UILaunchScreen_Generation = YES;
				INFOPLIST_KEY_UISupportedInterfaceOrientations_iPad = "UIInterfaceOrientationPortrait UIInterfaceOrientationPortraitUpsideDown UIInterfaceOrientationLandscapeLeft UIInterfaceOrientationLandscapeRight";
				INFOPLIST_KEY_UISupportedInterfaceOrientations_iPhone = "UIInterfaceOrientationPortrait UIInterfaceOrientationLandscapeLeft UIInterfaceOrientationLandscapeRight";
				LD_RUNPATH_SEARCH_PATHS = (
					"$(inherited)",
					"@executable_path/Frameworks",
				);
				MARKETING_VERSION = 1.0;
				PRODUCT_BUNDLE_IDENTIFIER = com.ahmed.RoomsToGo;
				PRODUCT_NAME = "$(TARGET_NAME)";
				SWIFT_EMIT_LOC_STRINGS = YES;
				SWIFT_VERSION = 5.0;
				TARGETED_DEVICE_FAMILY = "1,2";
			};
			name = Debug;
		};
		FFFF65A72C41773A005DEF55 /* Release */ = {
			isa = XCBuildConfiguration;
			buildSettings = {
				ASSETCATALOG_COMPILER_APPICON_NAME = AppIcon;
				ASSETCATALOG_COMPILER_GLOBAL_ACCENT_COLOR_NAME = AccentColor;
				CODE_SIGN_STYLE = Automatic;
				CURRENT_PROJECT_VERSION = 1;
				DEVELOPMENT_ASSET_PATHS = "\"RoomsToGo/Preview Content\"";
				DEVELOPMENT_TEAM = 8NHWSCYNF7;
				ENABLE_PREVIEWS = YES;
				GENERATE_INFOPLIST_FILE = YES;
				INFOPLIST_KEY_UIApplicationSceneManifest_Generation = YES;
				INFOPLIST_KEY_UIApplicationSupportsIndirectInputEvents = YES;
				INFOPLIST_KEY_UILaunchScreen_Generation = YES;
				INFOPLIST_KEY_UISupportedInterfaceOrientations_iPad = "UIInterfaceOrientationPortrait UIInterfaceOrientationPortraitUpsideDown UIInterfaceOrientationLandscapeLeft UIInterfaceOrientationLandscapeRight";
				INFOPLIST_KEY_UISupportedInterfaceOrientations_iPhone = "UIInterfaceOrientationPortrait UIInterfaceOrientationLandscapeLeft UIInterfaceOrientationLandscapeRight";
				LD_RUNPATH_SEARCH_PATHS = (
					"$(inherited)",
					"@executable_path/Frameworks",
				);
				MARKETING_VERSION = 1.0;
				PRODUCT_BUNDLE_IDENTIFIER = com.ahmed.RoomsToGo;
				PRODUCT_NAME = "$(TARGET_NAME)";
				SWIFT_EMIT_LOC_STRINGS = YES;
				SWIFT_VERSION = 5.0;
				TARGETED_DEVICE_FAMILY = "1,2";
			};
			name = Release;
		};
		FFFF65A92C41773A005DEF55 /* Debug */ = {
			isa = XCBuildConfiguration;
			buildSettings = {
				ALWAYS_EMBED_SWIFT_STANDARD_LIBRARIES = YES;
				BUNDLE_LOADER = "$(TEST_HOST)";
				CODE_SIGN_STYLE = Automatic;
				CURRENT_PROJECT_VERSION = 1;
				DEVELOPMENT_TEAM = 8NHWSCYNF7;
				GENERATE_INFOPLIST_FILE = YES;
				IPHONEOS_DEPLOYMENT_TARGET = 17.2;
				MARKETING_VERSION = 1.0;
				PRODUCT_BUNDLE_IDENTIFIER = com.ahmed.RoomsToGoTests;
				PRODUCT_NAME = "$(TARGET_NAME)";
				SWIFT_EMIT_LOC_STRINGS = NO;
				SWIFT_VERSION = 5.0;
				TARGETED_DEVICE_FAMILY = "1,2";
				TEST_HOST = "$(BUILT_PRODUCTS_DIR)/RoomsToGo.app/$(BUNDLE_EXECUTABLE_FOLDER_PATH)/RoomsToGo";
			};
			name = Debug;
		};
		FFFF65AA2C41773A005DEF55 /* Release */ = {
			isa = XCBuildConfiguration;
			buildSettings = {
				ALWAYS_EMBED_SWIFT_STANDARD_LIBRARIES = YES;
				BUNDLE_LOADER = "$(TEST_HOST)";
				CODE_SIGN_STYLE = Automatic;
				CURRENT_PROJECT_VERSION = 1;
				DEVELOPMENT_TEAM = 8NHWSCYNF7;
				GENERATE_INFOPLIST_FILE = YES;
				IPHONEOS_DEPLOYMENT_TARGET = 17.2;
				MARKETING_VERSION = 1.0;
				PRODUCT_BUNDLE_IDENTIFIER = com.ahmed.RoomsToGoTests;
				PRODUCT_NAME = "$(TARGET_NAME)";
				SWIFT_EMIT_LOC_STRINGS = NO;
				SWIFT_VERSION = 5.0;
				TARGETED_DEVICE_FAMILY = "1,2";
				TEST_HOST = "$(BUILT_PRODUCTS_DIR)/RoomsToGo.app/$(BUNDLE_EXECUTABLE_FOLDER_PATH)/RoomsToGo";
			};
			name = Release;
		};
		FFFF65AC2C41773A005DEF55 /* Debug */ = {
			isa = XCBuildConfiguration;
			buildSettings = {
				ALWAYS_EMBED_SWIFT_STANDARD_LIBRARIES = YES;
				CODE_SIGN_STYLE = Automatic;
				CURRENT_PROJECT_VERSION = 1;
				DEVELOPMENT_TEAM = 8NHWSCYNF7;
				GENERATE_INFOPLIST_FILE = YES;
				MARKETING_VERSION = 1.0;
				PRODUCT_BUNDLE_IDENTIFIER = com.ahmed.RoomsToGoUITests;
				PRODUCT_NAME = "$(TARGET_NAME)";
				SWIFT_EMIT_LOC_STRINGS = NO;
				SWIFT_VERSION = 5.0;
				TARGETED_DEVICE_FAMILY = "1,2";
				TEST_TARGET_NAME = RoomsToGo;
			};
			name = Debug;
		};
		FFFF65AD2C41773A005DEF55 /* Release */ = {
			isa = XCBuildConfiguration;
			buildSettings = {
				ALWAYS_EMBED_SWIFT_STANDARD_LIBRARIES = YES;
				CODE_SIGN_STYLE = Automatic;
				CURRENT_PROJECT_VERSION = 1;
				DEVELOPMENT_TEAM = 8NHWSCYNF7;
				GENERATE_INFOPLIST_FILE = YES;
				MARKETING_VERSION = 1.0;
				PRODUCT_BUNDLE_IDENTIFIER = com.ahmed.RoomsToGoUITests;
				PRODUCT_NAME = "$(TARGET_NAME)";
				SWIFT_EMIT_LOC_STRINGS = NO;
				SWIFT_VERSION = 5.0;
				TARGETED_DEVICE_FAMILY = "1,2";
				TEST_TARGET_NAME = RoomsToGo;
			};
			name = Release;
		};
/* End XCBuildConfiguration section */

/* Begin XCConfigurationList section */
		FFFF657C2C417738005DEF55 /* Build configuration list for PBXProject "RoomsToGo" */ = {
			isa = XCConfigurationList;
			buildConfigurations = (
				FFFF65A32C41773A005DEF55 /* Debug */,
				FFFF65A42C41773A005DEF55 /* Release */,
			);
			defaultConfigurationIsVisible = 0;
			defaultConfigurationName = Release;
		};
		FFFF65A52C41773A005DEF55 /* Build configuration list for PBXNativeTarget "RoomsToGo" */ = {
			isa = XCConfigurationList;
			buildConfigurations = (
				FFFF65A62C41773A005DEF55 /* Debug */,
				FFFF65A72C41773A005DEF55 /* Release */,
			);
			defaultConfigurationIsVisible = 0;
			defaultConfigurationName = Release;
		};
		FFFF65A82C41773A005DEF55 /* Build configuration list for PBXNativeTarget "RoomsToGoTests" */ = {
			isa = XCConfigurationList;
			buildConfigurations = (
				FFFF65A92C41773A005DEF55 /* Debug */,
				FFFF65AA2C41773A005DEF55 /* Release */,
			);
			defaultConfigurationIsVisible = 0;
			defaultConfigurationName = Release;
		};
		FFFF65AB2C41773A005DEF55 /* Build configuration list for PBXNativeTarget "RoomsToGoUITests" */ = {
			isa = XCConfigurationList;
			buildConfigurations = (
				FFFF65AC2C41773A005DEF55 /* Debug */,
				FFFF65AD2C41773A005DEF55 /* Release */,
			);
			defaultConfigurationIsVisible = 0;
			defaultConfigurationName = Release;
		};
/* End XCConfigurationList section */
	};
	rootObject = FFFF65792C417738005DEF55 /* Project object */;
}
